
Microsoft Visual Studio Solution File, Format Version 12.00
# Visual Studio Version 17
VisualStudioVersion = 17.3.32819.101
MinimumVisualStudioVersion = 10.0.40219.1
Project("{9A19103F-16F7-4668-BE54-9A1E7A4F7556}") = "ECommerce.Api.Products", "ECommerce.Api.Products\ECommerce.Api.Products.csproj", "{E09C327C-392D-4A2C-85FC-A18C1E50109A}"
EndProject
Project("{9A19103F-16F7-4668-BE54-9A1E7A4F7556}") = "ECommerce.Api.Customers", "ECommerce.Api.Customers\ECommerce.Api.Customers.csproj", "{DE75B014-17C0-4119-BE8A-A8671AF1666A}"
EndProject
Project("{9A19103F-16F7-4668-BE54-9A1E7A4F7556}") = "ECommerce.Api.Orders", "ECommerce.Api.Orders\ECommerce.Api.Orders.csproj", "{4E58E8F5-067B-4921-B9F9-6BED176213CB}"
EndProject
Project("{9A19103F-16F7-4668-BE54-9A1E7A4F7556}") = "ECommerce.Api.Search", "ECommerce.Api.Search\ECommerce.Api.Search.csproj", "{5F0A0185-946D-4628-9E0F-E0AFC4CA27ED}"
EndProject
Project("{FAE04EC0-301F-11D3-BF4B-00C04F79EFBC}") = "ECommerce.Api.Products.Tests", "ECommerce.Api.Products.Tests\ECommerce.Api.Products.Tests.csproj", "{6E0AEEB4-A423-4B38-B575-473F2B85C606}"
EndProject
Global
	GlobalSection(SolutionConfigurationPlatforms) = preSolution
		Debug|Any CPU = Debug|Any CPU
		Release|Any CPU = Release|Any CPU
	EndGlobalSection
	GlobalSection(ProjectConfigurationPlatforms) = postSolution
		{E09C327C-392D-4A2C-85FC-A18C1E50109A}.Debug|Any CPU.ActiveCfg = Debug|Any CPU
		{E09C327C-392D-4A2C-85FC-A18C1E50109A}.Debug|Any CPU.Build.0 = Debug|Any CPU
		{E09C327C-392D-4A2C-85FC-A18C1E50109A}.Release|Any CPU.ActiveCfg = Release|Any CPU
		{E09C327C-392D-4A2C-85FC-A18C1E50109A}.Release|Any CPU.Build.0 = Release|Any CPU
		{DE75B014-17C0-4119-BE8A-A8671AF1666A}.Debug|Any CPU.ActiveCfg = Debug|Any CPU
		{DE75B014-17C0-4119-BE8A-A8671AF1666A}.Debug|Any CPU.Build.0 = Debug|Any CPU
		{DE75B014-17C0-4119-BE8A-A8671AF1666A}.Release|Any CPU.ActiveCfg = Release|Any CPU
		{DE75B014-17C0-4119-BE8A-A8671AF1666A}.Release|Any CPU.Build.0 = Release|Any CPU
		{4E58E8F5-067B-4921-B9F9-6BED176213CB}.Debug|Any CPU.ActiveCfg = Debug|Any CPU
		{4E58E8F5-067B-4921-B9F9-6BED176213CB}.Debug|Any CPU.Build.0 = Debug|Any CPU
		{4E58E8F5-067B-4921-B9F9-6BED176213CB}.Release|Any CPU.ActiveCfg = Release|Any CPU
		{4E58E8F5-067B-4921-B9F9-6BED176213CB}.Release|Any CPU.Build.0 = Release|Any CPU
		{5F0A0185-946D-4628-9E0F-E0AFC4CA27ED}.Debug|Any CPU.ActiveCfg = Debug|Any CPU
		{5F0A0185-946D-4628-9E0F-E0AFC4CA27ED}.Debug|Any CPU.Build.0 = Debug|Any CPU
		{5F0A0185-946D-4628-9E0F-E0AFC4CA27ED}.Release|Any CPU.ActiveCfg = Release|Any CPU
		{5F0A0185-946D-4628-9E0F-E0AFC4CA27ED}.Release|Any CPU.Build.0 = Release|Any CPU
		{6E0AEEB4-A423-4B38-B575-473F2B85C606}.Debug|Any CPU.ActiveCfg = Debug|Any CPU
		{6E0AEEB4-A423-4B38-B575-473F2B85C606}.Debug|Any CPU.Build.0 = Debug|Any CPU
		{6E0AEEB4-A423-4B38-B575-473F2B85C606}.Release|Any CPU.ActiveCfg = Release|Any CPU
		{6E0AEEB4-A423-4B38-B575-473F2B85C606}.Release|Any CPU.Build.0 = Release|Any CPU
	EndGlobalSection
	GlobalSection(SolutionProperties) = preSolution
		HideSolutionNode = FALSE
	EndGlobalSection
	GlobalSection(ExtensibilityGlobals) = postSolution
		SolutionGuid = {FD502BD5-305D-4B7D-B656-1F458B83440E}
	EndGlobalSection
EndGlobal
